github.com/darklab8/go-typelog v0.3.2 h1:LfQ4bUpKifNKZZFoAhrbasmpLhaXrjwnNL9GcquOy8w=
github.com/darklab8/go-typelog v0.3.2/go.mod h1:AwwOf3dkp/tpevHFNbkB+PbwlDrUUgO1CVFkEnj+q5w=
github.com/darklab8/go-typelog v0.5.0 h1:7/lG9BH1svf2vcSOdNhYbFhKBr8tveHBgw4D/ChaISA=
github.com/darklab8/go-typelog v0.5.0/go.mod h1:AwwOf3dkp/tpevHFNbkB+PbwlDrUUgO1CVFkEnj+q5w=
github.com/darklab8/go-utils v0.10.6 h1:BdBWa9b8uYJRDnf7C2A0GLXgCJwOAe96XIZ4uMTVE/M=
github.com/darklab8/go-utils v0.10.6/go.mod h1:sbbAj7uyQU+PZOOeI60gOdM+ji+k4at93EcdAfRJZsI=
github.com/darklab8/go-utils v0.11.0 h1:eryK1toYQ/FPFI3ZG3P8gzz0YT4QWkg3ryHuoxtiPU4=
github.com/darklab8/go-utils v0.11.0/go.mod h1:zApy0zIFiGCw496OIot7dl8i2cAsQMyPyf3PCMMpS3g=
github.com/darklab8/go-utils v0.11.1 h1:ll4XFxeMBUEIYkNIIcat55w31X8KwxQo0aJIn+uPK8A=
github.com/darklab8/go-utils v0.11.1/go.mod h1:zApy0zIFiGCw496OIot7dl8i2cAsQMyPyf3PCMMpS3g=
github.com/darklab8/go-utils v0.12.0 h1:LxsG3yVNf9W4xyV+tHPOaZB2ewItgM/1BzOXyKFvofs=
github.com/darklab8/go-utils v0.12.0/go.mod h1:zApy0zIFiGCw496OIot7dl8i2cAsQMyPyf3PCMMpS3g=
github.com/darklab8/go-utils v0.14.1 h1:Y4uGC56MVy+431tR9+dMOjBpsFczX21KecJqoqpYQ2E=
github.com/darklab8/go-utils v0.14.1/go.mod h1:zApy0zIFiGCw496OIot7dl8i2cAsQMyPyf3PCMMpS3g=
github.com/darklab8/go-utils v0.14.2 h1:wI3VzrX7nFqNWPwMFS86rvbXeUgyUN65Q5PZwoZ8Mis=
github.com/darklab8/go-utils v0.14.2/go.mod h1:zApy0zIFiGCw496OIot7dl8i2cAsQMyPyf3PCMMpS3g=
github.com/darklab8/go-utils v0.16.0 h1:xgzYrea74ps2EOWZQghnP0ah9TvD+2/iSsFg3jnUGSo=
github.com/darklab8/go-utils v0.16.0/go.mod h1:zApy0zIFiGCw496OIot7dl8i2cAsQMyPyf3PCMMpS3g=
github.com/darklab8/go-utils v0.17.0 h1:Yev17FEiwUunaozTwyXknBuRRNVZ5sLuubs1Mna01n0=
github.com/darklab8/go-utils v0.17.0/go.mod h1:zApy0zIFiGCw496OIot7dl8i2cAsQMyPyf3PCMMpS3g=
github.com/darklab8/go-utils v0.17.2 h1:9jFuyzHSKnDN5ecuHPeZdsSvmvBxnpIOFh12js6CWco=
github.com/darklab8/go-utils v0.17.2/go.mod h1:zApy0zIFiGCw496OIot7dl8i2cAsQMyPyf3PCMMpS3g=
github.com/darklab8/go-utils v0.17.3 h1:YyEelK+OeWkTRGunBSz1oJxR4u2Rxpm12uqmopRc5zk=
github.com/darklab8/go-utils v0.17.3/go.mod h1:zApy0zIFiGCw496OIot7dl8i2cAsQMyPyf3PCMMpS3g=
github.com/darklab8/go-utils v0.17.5 h1:JsqUa9KCWUuY/o4dLzltkU2bLsR+RV+nlD/qfkXxpIw=
github.com/darklab8/go-utils v0.17.5/go.mod h1:zApy0zIFiGCw496OIot7dl8i2cAsQMyPyf3PCMMpS3g=
github.com/davecgh/go-spew v1.1.1 h1:vj9j/u1bqnvCEfJOwUhtlOARqs3+rkHYY13jYWTU97c=
github.com/davecgh/go-spew v1.1.1/go.mod h1:J7Y8YcW2NihsgmVo/mv3lAwl/skON4iLHjSsI+c5H38=
github.com/pmezard/go-difflib v1.0.0 h1:4DBwDE0NGyQoBHbLQYPwSUPoCMWR5BEzIk/f1lZbAQM=
github.com/pmezard/go-difflib v1.0.0/go.mod h1:iKH77koFhYxTK1pcRnkKkqfTogsbg7gZNVY4sRDYZ/4=
github.com/stretchr/testify v1.8.4 h1:CcVxjf3Q8PM0mHUKJCdn+eZZtm5yQwehR5yeSVQQcUk=
github.com/stretchr/testify v1.8.4/go.mod h1:sz/lmYIOXD/1dqDmKjjqLyZ2RngseejIcXlSw2iwfAo=
golang.org/x/text v0.14.0 h1:ScX5w1eTa3QqT8oi6+ziP7dTV1S2+ALU0bI+0zXKWiQ=
golang.org/x/text v0.14.0/go.mod h1:18ZOQIKpY8NJVqYksKHtTdi31H5itFRjB5/qKTNYzSU=
gopkg.in/check.v1 v0.0.0-20161208181325-20d25e280405 h1:yhCVgyC4o1eVCa2tZl7eS0r+SDo693bJlVdllGtEeKM=
gopkg.in/check.v1 v0.0.0-20161208181325-20d25e280405/go.mod h1:Co6ibVJAznAaIkqp8huTwlJQCZ016jof/cbN4VW5Yz0=
gopkg.in/yaml.v3 v3.0.1 h1:fxVm/GzAzEWqLHuvctI91KS9hhNmmWOoWu0XTYJS7CA=
gopkg.in/yaml.v3 v3.0.1/go.mod h1:K4uyk7z7BCEPqu6E+C64Yfv1cQ7kz7rIZviUmN+EgEM=
